
Microsoft Visual Studio Solution File, Format Version 12.00
# Visual Studio Version 17
VisualStudioVersion = 17.5.002.0
MinimumVisualStudioVersion = 10.0.40219.1
Project("{9A19103F-16F7-4668-BE54-9A1E7A4F7556}") = "minimal-api", "minimal-api.csproj", "{A708F947-080D-437F-BC9A-CDD62A305C50}"
EndProject
Global
	GlobalSection(SolutionConfigurationPlatforms) = preSolution
		Debug|Any CPU = Debug|Any CPU
		Release|Any CPU = Release|Any CPU
	EndGlobalSection
	GlobalSection(ProjectConfigurationPlatforms) = postSolution
		{A708F947-080D-437F-BC9A-CDD62A305C50}.Debug|Any CPU.ActiveCfg = Debug|Any CPU
		{A708F947-080D-437F-BC9A-CDD62A305C50}.Debug|Any CPU.Build.0 = Debug|Any CPU
		{A708F947-080D-437F-BC9A-CDD62A305C50}.Release|Any CPU.ActiveCfg = Release|Any CPU
		{A708F947-080D-437F-BC9A-CDD62A305C50}.Release|Any CPU.Build.0 = Release|Any CPU
	EndGlobalSection
	GlobalSection(SolutionProperties) = preSolution
		HideSolutionNode = FALSE
	EndGlobalSection
	GlobalSection(ExtensibilityGlobals) = postSolution
		SolutionGuid = {792B8842-284D-4E3E-8939-5D614CB92C3C}
	EndGlobalSection
EndGlobal
